
Microsoft Visual Studio Solution File, Format Version 12.00
# Visual Studio Version 17
VisualStudioVersion = 17.8.34322.80
MinimumVisualStudioVersion = 10.0.40219.1
Project("{9A19103F-16F7-4668-BE54-9A1E7A4F7556}") = "ChristmasPastryShop", "01. Structure_Skeleton\ChristmasPastryShop.csproj", "{4CDA0101-1593-4B04-9637-3ACD3ACFC37E}"
EndProject
Project("{9A19103F-16F7-4668-BE54-9A1E7A4F7556}") = "FootballTeam", "03. Unit Tests_Skeleton\FootballTeam\FootballTeam.csproj", "{C408A86C-EA16-4D6C-A21E-B82A8324D688}"
EndProject
Project("{9A19103F-16F7-4668-BE54-9A1E7A4F7556}") = "FootballTeam.Tests", "03. Unit Tests_Skeleton\FootballTeam.Tests\FootballTeam.Tests.csproj", "{996E0C16-F70E-4144-9F5F-5606A98252E1}"
EndProject
Global
	GlobalSection(SolutionConfigurationPlatforms) = preSolution
		Debug|Any CPU = Debug|Any CPU
		Release|Any CPU = Release|Any CPU
	EndGlobalSection
	GlobalSection(ProjectConfigurationPlatforms) = postSolution
		{4CDA0101-1593-4B04-9637-3ACD3ACFC37E}.Debug|Any CPU.ActiveCfg = Debug|Any CPU
		{4CDA0101-1593-4B04-9637-3ACD3ACFC37E}.Debug|Any CPU.Build.0 = Debug|Any CPU
		{4CDA0101-1593-4B04-9637-3ACD3ACFC37E}.Release|Any CPU.ActiveCfg = Release|Any CPU
		{4CDA0101-1593-4B04-9637-3ACD3ACFC37E}.Release|Any CPU.Build.0 = Release|Any CPU
		{C408A86C-EA16-4D6C-A21E-B82A8324D688}.Debug|Any CPU.ActiveCfg = Debug|Any CPU
		{C408A86C-EA16-4D6C-A21E-B82A8324D688}.Debug|Any CPU.Build.0 = Debug|Any CPU
		{C408A86C-EA16-4D6C-A21E-B82A8324D688}.Release|Any CPU.ActiveCfg = Release|Any CPU
		{C408A86C-EA16-4D6C-A21E-B82A8324D688}.Release|Any CPU.Build.0 = Release|Any CPU
		{996E0C16-F70E-4144-9F5F-5606A98252E1}.Debug|Any CPU.ActiveCfg = Debug|Any CPU
		{996E0C16-F70E-4144-9F5F-5606A98252E1}.Debug|Any CPU.Build.0 = Debug|Any CPU
		{996E0C16-F70E-4144-9F5F-5606A98252E1}.Release|Any CPU.ActiveCfg = Release|Any CPU
		{996E0C16-F70E-4144-9F5F-5606A98252E1}.Release|Any CPU.Build.0 = Release|Any CPU
	EndGlobalSection
	GlobalSection(SolutionProperties) = preSolution
		HideSolutionNode = FALSE
	EndGlobalSection
	GlobalSection(ExtensibilityGlobals) = postSolution
		SolutionGuid = {CF2636A1-316D-467E-9360-37A00CB00350}
	EndGlobalSection
EndGlobal
